{
  "originHash" : "344c1d4330564570f5502748979d5750f64d4b008b253cecdbf1c2ed66b17dc2",
  "pins" : [
    {
      "identity" : "amadocmodelios",
      "kind" : "remoteSourceControl",
      "location" : "https://github.com/vbmobile/AMADocModeliOS",
      "state" : {
        "revision" : "1bdee2ca69576eaa97f411f3fffc6aac1f71c854",
        "version" : "1.0.0-rc03"
      }
    },
    {
      "identity" : "documentreader-swift-package",
      "kind" : "remoteSourceControl",
      "location" : "https://github.com/regulaforensics/DocumentReader-Swift-Package",
      "state" : {
        "revision" : "3188ee0c86ca22e1193336385f3bf2a5aafe4acd",
        "version" : "8.4.5436"
      }
    },
    {
      "identity" : "documentreadermrzrfid-swift-package",
      "kind" : "remoteSourceControl",
      "location" : "https://github.com/regulaforensics/DocumentReaderMRZRFID-Swift-Package",
      "state" : {
        "revision" : "a0cd70eadc6923551bc9ad59c8a7907c3977c39e",
        "version" : "8.4.14875"
      }
    },
    {
      "identity" : "regulacommon-swift-package",
      "kind" : "remoteSourceControl",
      "location" : "https://github.com/regulaforensics/RegulaCommon-Swift-Package.git",
      "state" : {
        "revision" : "7fc9da9e143477a38da59fc5578521a8362f24af",
        "version" : "8.4.1669"
      }
    }
  ],
  "version" : 3
}
